
Microsoft Visual Studio Solution File, Format Version 12.00
# Visual Studio Version 16
VisualStudioVersion = 16.0.30621.155
MinimumVisualStudioVersion = 10.0.40219.1
Project("{FAE04EC0-301F-11D3-BF4B-00C04F79EFBC}") = "HistoryGO!.Android", "HistoryGO!.Android\HistoryGO!.Android.csproj", "{B6F42D38-A2CB-4DD7-9ECD-ECBFBB1DB88D}"
EndProject
Project("{FAE04EC0-301F-11D3-BF4B-00C04F79EFBC}") = "HistoryGO!.iOS", "HistoryGO!.iOS\HistoryGO!.iOS.csproj", "{37C725FF-728D-42DA-8130-A4EB95E52754}"
EndProject
Project("{FAE04EC0-301F-11D3-BF4B-00C04F79EFBC}") = "HistoryGO!", "HistoryGO!\HistoryGO!.csproj", "{3F859E8D-4DD9-4004-A4BD-EB2FAF042A77}"
EndProject
Global
	GlobalSection(SolutionConfigurationPlatforms) = preSolution
		Debug|Any CPU = Debug|Any CPU
		Debug|iPhone = Debug|iPhone
		Debug|iPhoneSimulator = Debug|iPhoneSimulator
		Release|Any CPU = Release|Any CPU
		Release|iPhone = Release|iPhone
		Release|iPhoneSimulator = Release|iPhoneSimulator
	EndGlobalSection
	GlobalSection(ProjectConfigurationPlatforms) = postSolution
		{B6F42D38-A2CB-4DD7-9ECD-ECBFBB1DB88D}.Debug|Any CPU.ActiveCfg = Debug|Any CPU
		{B6F42D38-A2CB-4DD7-9ECD-ECBFBB1DB88D}.Debug|Any CPU.Build.0 = Debug|Any CPU
		{B6F42D38-A2CB-4DD7-9ECD-ECBFBB1DB88D}.Debug|Any CPU.Deploy.0 = Debug|Any CPU
		{B6F42D38-A2CB-4DD7-9ECD-ECBFBB1DB88D}.Debug|iPhone.ActiveCfg = Debug|Any CPU
		{B6F42D38-A2CB-4DD7-9ECD-ECBFBB1DB88D}.Debug|iPhone.Build.0 = Debug|Any CPU
		{B6F42D38-A2CB-4DD7-9ECD-ECBFBB1DB88D}.Debug|iPhone.Deploy.0 = Debug|Any CPU
		{B6F42D38-A2CB-4DD7-9ECD-ECBFBB1DB88D}.Debug|iPhoneSimulator.ActiveCfg = Debug|Any CPU
		{B6F42D38-A2CB-4DD7-9ECD-ECBFBB1DB88D}.Debug|iPhoneSimulator.Build.0 = Debug|Any CPU
		{B6F42D38-A2CB-4DD7-9ECD-ECBFBB1DB88D}.Debug|iPhoneSimulator.Deploy.0 = Debug|Any CPU
		{B6F42D38-A2CB-4DD7-9ECD-ECBFBB1DB88D}.Release|Any CPU.ActiveCfg = Release|Any CPU
		{B6F42D38-A2CB-4DD7-9ECD-ECBFBB1DB88D}.Release|Any CPU.Build.0 = Release|Any CPU
		{B6F42D38-A2CB-4DD7-9ECD-ECBFBB1DB88D}.Release|Any CPU.Deploy.0 = Release|Any CPU
		{B6F42D38-A2CB-4DD7-9ECD-ECBFBB1DB88D}.Release|iPhone.ActiveCfg = Release|Any CPU
		{B6F42D38-A2CB-4DD7-9ECD-ECBFBB1DB88D}.Release|iPhone.Build.0 = Release|Any CPU
		{B6F42D38-A2CB-4DD7-9ECD-ECBFBB1DB88D}.Release|iPhone.Deploy.0 = Release|Any CPU
		{B6F42D38-A2CB-4DD7-9ECD-ECBFBB1DB88D}.Release|iPhoneSimulator.ActiveCfg = Release|Any CPU
		{B6F42D38-A2CB-4DD7-9ECD-ECBFBB1DB88D}.Release|iPhoneSimulator.Build.0 = Release|Any CPU
		{B6F42D38-A2CB-4DD7-9ECD-ECBFBB1DB88D}.Release|iPhoneSimulator.Deploy.0 = Release|Any CPU
		{37C725FF-728D-42DA-8130-A4EB95E52754}.Debug|Any CPU.ActiveCfg = Debug|iPhone
		{37C725FF-728D-42DA-8130-A4EB95E52754}.Debug|Any CPU.Build.0 = Debug|iPhone
		{37C725FF-728D-42DA-8130-A4EB95E52754}.Debug|Any CPU.Deploy.0 = Debug|iPhone
		{37C725FF-728D-42DA-8130-A4EB95E52754}.Debug|iPhone.ActiveCfg = Debug|iPhone
		{37C725FF-728D-42DA-8130-A4EB95E52754}.Debug|iPhone.Build.0 = Debug|iPhone
		{37C725FF-728D-42DA-8130-A4EB95E52754}.Debug|iPhone.Deploy.0 = Debug|iPhone
		{37C725FF-728D-42DA-8130-A4EB95E52754}.Debug|iPhoneSimulator.ActiveCfg = Debug|iPhoneSimulator
		{37C725FF-728D-42DA-8130-A4EB95E52754}.Debug|iPhoneSimulator.Build.0 = Debug|iPhoneSimulator
		{37C725FF-728D-42DA-8130-A4EB95E52754}.Debug|iPhoneSimulator.Deploy.0 = Debug|iPhoneSimulator
		{37C725FF-728D-42DA-8130-A4EB95E52754}.Release|Any CPU.ActiveCfg = Release|iPhoneSimulator
		{37C725FF-728D-42DA-8130-A4EB95E52754}.Release|Any CPU.Build.0 = Release|iPhoneSimulator
		{37C725FF-728D-42DA-8130-A4EB95E52754}.Release|Any CPU.Deploy.0 = Release|iPhoneSimulator
		{37C725FF-728D-42DA-8130-A4EB95E52754}.Release|iPhone.ActiveCfg = Release|iPhone
		{37C725FF-728D-42DA-8130-A4EB95E52754}.Release|iPhone.Build.0 = Release|iPhone
		{37C725FF-728D-42DA-8130-A4EB95E52754}.Release|iPhone.Deploy.0 = Release|iPhone
		{37C725FF-728D-42DA-8130-A4EB95E52754}.Release|iPhoneSimulator.ActiveCfg = Release|iPhoneSimulator
		{37C725FF-728D-42DA-8130-A4EB95E52754}.Release|iPhoneSimulator.Build.0 = Release|iPhoneSimulator
		{37C725FF-728D-42DA-8130-A4EB95E52754}.Release|iPhoneSimulator.Deploy.0 = Release|iPhoneSimulator
		{3F859E8D-4DD9-4004-A4BD-EB2FAF042A77}.Debug|Any CPU.ActiveCfg = Debug|Any CPU
		{3F859E8D-4DD9-4004-A4BD-EB2FAF042A77}.Debug|Any CPU.Build.0 = Debug|Any CPU
		{3F859E8D-4DD9-4004-A4BD-EB2FAF042A77}.Debug|Any CPU.Deploy.0 = Debug|Any CPU
		{3F859E8D-4DD9-4004-A4BD-EB2FAF042A77}.Debug|iPhone.ActiveCfg = Debug|Any CPU
		{3F859E8D-4DD9-4004-A4BD-EB2FAF042A77}.Debug|iPhone.Build.0 = Debug|Any CPU
		{3F859E8D-4DD9-4004-A4BD-EB2FAF042A77}.Debug|iPhone.Deploy.0 = Debug|Any CPU
		{3F859E8D-4DD9-4004-A4BD-EB2FAF042A77}.Debug|iPhoneSimulator.ActiveCfg = Debug|Any CPU
		{3F859E8D-4DD9-4004-A4BD-EB2FAF042A77}.Debug|iPhoneSimulator.Build.0 = Debug|Any CPU
		{3F859E8D-4DD9-4004-A4BD-EB2FAF042A77}.Debug|iPhoneSimulator.Deploy.0 = Debug|Any CPU
		{3F859E8D-4DD9-4004-A4BD-EB2FAF042A77}.Release|Any CPU.ActiveCfg = Release|Any CPU
		{3F859E8D-4DD9-4004-A4BD-EB2FAF042A77}.Release|Any CPU.Build.0 = Release|Any CPU
		{3F859E8D-4DD9-4004-A4BD-EB2FAF042A77}.Release|Any CPU.Deploy.0 = Release|Any CPU
		{3F859E8D-4DD9-4004-A4BD-EB2FAF042A77}.Release|iPhone.ActiveCfg = Release|Any CPU
		{3F859E8D-4DD9-4004-A4BD-EB2FAF042A77}.Release|iPhone.Build.0 = Release|Any CPU
		{3F859E8D-4DD9-4004-A4BD-EB2FAF042A77}.Release|iPhone.Deploy.0 = Release|Any CPU
		{3F859E8D-4DD9-4004-A4BD-EB2FAF042A77}.Release|iPhoneSimulator.ActiveCfg = Release|Any CPU
		{3F859E8D-4DD9-4004-A4BD-EB2FAF042A77}.Release|iPhoneSimulator.Build.0 = Release|Any CPU
		{3F859E8D-4DD9-4004-A4BD-EB2FAF042A77}.Release|iPhoneSimulator.Deploy.0 = Release|Any CPU
	EndGlobalSection
	GlobalSection(SolutionProperties) = preSolution
		HideSolutionNode = FALSE
	EndGlobalSection
	GlobalSection(ExtensibilityGlobals) = postSolution
		SolutionGuid = {78D42AAB-FD09-461F-B9C2-E9925191C909}
	EndGlobalSection
EndGlobal
